// !$*UTF8*$!
{
	archiveVersion = 1;
	classes = {
	};
	objectVersion = 46;
	objects = {

/* Begin PBXBuildFile section */
		1E0823DD1CB5D72F00804F49 /* AppDelegate.swift in Sources */ = {isa = PBXBuildFile; fileRef = 1E0823DC1CB5D72F00804F49 /* AppDelegate.swift */; };
		1E0823DF1CB5D72F00804F49 /* ViewController.swift in Sources */ = {isa = PBXBuildFile; fileRef = 1E0823DE1CB5D72F00804F49 /* ViewController.swift */; };
		1E0823E21CB5D72F00804F49 /* Main.storyboard in Resources */ = {isa = PBXBuildFile; fileRef = 1E0823E01CB5D72F00804F49 /* Main.storyboard */; };
		1E0823E41CB5D72F00804F49 /* Assets.xcassets in Resources */ = {isa = PBXBuildFile; fileRef = 1E0823E31CB5D72F00804F49 /* Assets.xcassets */; };
		1E0823E71CB5D72F00804F49 /* LaunchScreen.storyboard in Resources */ = {isa = PBXBuildFile; fileRef = 1E0823E51CB5D72F00804F49 /* LaunchScreen.storyboard */; };
		1E0823F21CB5D72F00804F49 /* Shopping_BagTests.swift in Sources */ = {isa = PBXBuildFile; fileRef = 1E0823F11CB5D72F00804F49 /* Shopping_BagTests.swift */; };
		1E0823FD1CB5D73000804F49 /* Shopping_BagUITests.swift in Sources */ = {isa = PBXBuildFile; fileRef = 1E0823FC1CB5D73000804F49 /* Shopping_BagUITests.swift */; };
		1ED0510B1CB6F76500692B31 /* custom cell.swift in Sources */ = {isa = PBXBuildFile; fileRef = 1ED0510A1CB6F76500692B31 /* custom cell.swift */; };
		1ED0510D1CB6FFB000692B31 /* Product.swift in Sources */ = {isa = PBXBuildFile; fileRef = 1ED0510C1CB6FFAF00692B31 /* Product.swift */; };
		1EE8C0BF1CC6B7F400867C87 /* ProductDatasource.swift in Sources */ = {isa = PBXBuildFile; fileRef = 1EE8C0BE1CC6B7F400867C87 /* ProductDatasource.swift */; };
		1EE8C0C11CC840FC00867C87 /* JSON.swift in Sources */ = {isa = PBXBuildFile; fileRef = 1EE8C0C01CC840FC00867C87 /* JSON.swift */; };
/* End PBXBuildFile section */

/* Begin PBXContainerItemProxy section */
		1E0823EE1CB5D72F00804F49 /* PBXContainerItemProxy */ = {
			isa = PBXContainerItemProxy;
			containerPortal = 1E0823D11CB5D72F00804F49 /* Project object */;
			proxyType = 1;
			remoteGlobalIDString = 1E0823D81CB5D72F00804F49;
			remoteInfo = "Shopping Bag";
		};
		1E0823F91CB5D73000804F49 /* PBXContainerItemProxy */ = {
			isa = PBXContainerItemProxy;
			containerPortal = 1E0823D11CB5D72F00804F49 /* Project object */;
			proxyType = 1;
			remoteGlobalIDString = 1E0823D81CB5D72F00804F49;
			remoteInfo = "Shopping Bag";
		};
/* End PBXContainerItemProxy section */

/* Begin PBXCopyFilesBuildPhase section */
		1E0824281CB6EA1600804F49 /* Embed Frameworks */ = {
			isa = PBXCopyFilesBuildPhase;
			buildActionMask = 2147483647;
			dstPath = "";
			dstSubfolderSpec = 10;
			files = (
			);
			name = "Embed Frameworks";
			runOnlyForDeploymentPostprocessing = 0;
		};
/* End PBXCopyFilesBuildPhase section */

/* Begin PBXFileReference section */
		1E0823D91CB5D72F00804F49 /* Shopping Bag.app */ = {isa = PBXFileReference; explicitFileType = wrapper.application; includeInIndex = 0; path = "Shopping Bag.app"; sourceTree = BUILT_PRODUCTS_DIR; };
		1E0823DC1CB5D72F00804F49 /* AppDelegate.swift */ = {isa = PBXFileReference; lastKnownFileType = sourcecode.swift; path = AppDelegate.swift; sourceTree = "<group>"; };
		1E0823DE1CB5D72F00804F49 /* ViewController.swift */ = {isa = PBXFileReference; lastKnownFileType = sourcecode.swift; path = ViewController.swift; sourceTree = "<group>"; };
		1E0823E11CB5D72F00804F49 /* Base */ = {isa = PBXFileReference; lastKnownFileType = file.storyboard; name = Base; path = Base.lproj/Main.storyboard; sourceTree = "<group>"; };
		1E0823E31CB5D72F00804F49 /* Assets.xcassets */ = {isa = PBXFileReference; lastKnownFileType = folder.assetcatalog; path = Assets.xcassets; sourceTree = "<group>"; };
		1E0823E61CB5D72F00804F49 /* Base */ = {isa = PBXFileReference; lastKnownFileType = file.storyboard; name = Base; path = Base.lproj/LaunchScreen.storyboard; sourceTree = "<group>"; };
		1E0823E81CB5D72F00804F49 /* Info.plist */ = {isa = PBXFileReference; lastKnownFileType = text.plist.xml; path = Info.plist; sourceTree = "<group>"; };
		1E0823ED1CB5D72F00804F49 /* Shopping BagTests.xctest */ = {isa = PBXFileReference; explicitFileType = wrapper.cfbundle; includeInIndex = 0; path = "Shopping BagTests.xctest"; sourceTree = BUILT_PRODUCTS_DIR; };
		1E0823F11CB5D72F00804F49 /* Shopping_BagTests.swift */ = {isa = PBXFileReference; lastKnownFileType = sourcecode.swift; path = Shopping_BagTests.swift; sourceTree = "<group>"; };
		1E0823F31CB5D72F00804F49 /* Info.plist */ = {isa = PBXFileReference; lastKnownFileType = text.plist.xml; path = Info.plist; sourceTree = "<group>"; };
		1E0823F81CB5D73000804F49 /* Shopping BagUITests.xctest */ = {isa = PBXFileReference; explicitFileType = wrapper.cfbundle; includeInIndex = 0; path = "Shopping BagUITests.xctest"; sourceTree = BUILT_PRODUCTS_DIR; };
		1E0823FC1CB5D73000804F49 /* Shopping_BagUITests.swift */ = {isa = PBXFileReference; lastKnownFileType = sourcecode.swift; path = Shopping_BagUITests.swift; sourceTree = "<group>"; };
		1E0823FE1CB5D73000804F49 /* Info.plist */ = {isa = PBXFileReference; lastKnownFileType = text.plist.xml; path = Info.plist; sourceTree = "<group>"; };
		1ED0510A1CB6F76500692B31 /* custom cell.swift */ = {isa = PBXFileReference; fileEncoding = 4; lastKnownFileType = sourcecode.swift; path = "custom cell.swift"; sourceTree = "<group>"; };
		1ED0510C1CB6FFAF00692B31 /* Product.swift */ = {isa = PBXFileReference; fileEncoding = 4; lastKnownFileType = sourcecode.swift; path = Product.swift; sourceTree = "<group>"; };
		1EE8C0BE1CC6B7F400867C87 /* ProductDatasource.swift */ = {isa = PBXFileReference; fileEncoding = 4; lastKnownFileType = sourcecode.swift; path = ProductDatasource.swift; sourceTree = "<group>"; };
		1EE8C0C01CC840FC00867C87 /* JSON.swift */ = {isa = PBXFileReference; fileEncoding = 4; lastKnownFileType = sourcecode.swift; path = JSON.swift; sourceTree = "<group>"; };
/* End PBXFileReference section */

/* Begin PBXFrameworksBuildPhase section */
		1E0823D61CB5D72F00804F49 /* Frameworks */ = {
			isa = PBXFrameworksBuildPhase;
			buildActionMask = 2147483647;
			files = (
			);
			runOnlyForDeploymentPostprocessing = 0;
		};
		1E0823EA1CB5D72F00804F49 /* Frameworks */ = {
			isa = PBXFrameworksBuildPhase;
			buildActionMask = 2147483647;
			files = (
			);
			runOnlyForDeploymentPostprocessing = 0;
		};
		1E0823F51CB5D73000804F49 /* Frameworks */ = {
			isa = PBXFrameworksBuildPhase;
			buildActionMask = 2147483647;
			files = (
			);
			runOnlyForDeploymentPostprocessing = 0;
		};
/* End PBXFrameworksBuildPhase section */

/* Begin PBXGroup section */
		1E0823D01CB5D72F00804F49 = {
			isa = PBXGroup;
			children = (
				1E0823DB1CB5D72F00804F49 /* Shopping Bag */,
				1E0823F01CB5D72F00804F49 /* Shopping BagTests */,
				1E0823FB1CB5D73000804F49 /* Shopping BagUITests */,
				1E0823DA1CB5D72F00804F49 /* Products */,
			);
			sourceTree = "<group>";
		};
		1E0823DA1CB5D72F00804F49 /* Products */ = {
			isa = PBXGroup;
			children = (
				1E0823D91CB5D72F00804F49 /* Shopping Bag.app */,
				1E0823ED1CB5D72F00804F49 /* Shopping BagTests.xctest */,
				1E0823F81CB5D73000804F49 /* Shopping BagUITests.xctest */,
			);
			name = Products;
			sourceTree = "<group>";
		};
		1E0823DB1CB5D72F00804F49 /* Shopping Bag */ = {
			isa = PBXGroup;
			children = (
				1E0823DC1CB5D72F00804F49 /* AppDelegate.swift */,
				1E0823DE1CB5D72F00804F49 /* ViewController.swift */,
				1E0823E01CB5D72F00804F49 /* Main.storyboard */,
				1E0823E31CB5D72F00804F49 /* Assets.xcassets */,
				1E0823E51CB5D72F00804F49 /* LaunchScreen.storyboard */,
				1E0823E81CB5D72F00804F49 /* Info.plist */,
				1ED0510A1CB6F76500692B31 /* custom cell.swift */,
				1ED0510C1CB6FFAF00692B31 /* Product.swift */,
				1EE8C0BE1CC6B7F400867C87 /* ProductDatasource.swift */,
				1EE8C0C01CC840FC00867C87 /* JSON.swift */,
			);
			path = "Shopping Bag";
			sourceTree = "<group>";
		};
		1E0823F01CB5D72F00804F49 /* Shopping BagTests */ = {
			isa = PBXGroup;
			children = (
				1E0823F11CB5D72F00804F49 /* Shopping_BagTests.swift */,
				1E0823F31CB5D72F00804F49 /* Info.plist */,
			);
			path = "Shopping BagTests";
			sourceTree = "<group>";
		};
		1E0823FB1CB5D73000804F49 /* Shopping BagUITests */ = {
			isa = PBXGroup;
			children = (
				1E0823FC1CB5D73000804F49 /* Shopping_BagUITests.swift */,
				1E0823FE1CB5D73000804F49 /* Info.plist */,
			);
			path = "Shopping BagUITests";
			sourceTree = "<group>";
		};
/* End PBXGroup section */

/* Begin PBXNativeTarget section */
		1E0823D81CB5D72F00804F49 /* Shopping Bag */ = {
			isa = PBXNativeTarget;
			buildConfigurationList = 1E0824011CB5D73000804F49 /* Build configuration list for PBXNativeTarget "Shopping Bag" */;
			buildPhases = (
				1E0823D51CB5D72F00804F49 /* Sources */,
				1E0823D61CB5D72F00804F49 /* Frameworks */,
				1E0823D71CB5D72F00804F49 /* Resources */,
				1E0824281CB6EA1600804F49 /* Embed Frameworks */,
			);
			buildRules = (
			);
			dependencies = (
			);
			name = "Shopping Bag";
			productName = "Shopping Bag";
			productReference = 1E0823D91CB5D72F00804F49 /* Shopping Bag.app */;
			productType = "com.apple.product-type.application";
		};
		1E0823EC1CB5D72F00804F49 /* Shopping BagTests */ = {
			isa = PBXNativeTarget;
			buildConfigurationList = 1E0824041CB5D73000804F49 /* Build configuration list for PBXNativeTarget "Shopping BagTests" */;
			buildPhases = (
				1E0823E91CB5D72F00804F49 /* Sources */,
				1E0823EA1CB5D72F00804F49 /* Frameworks */,
				1E0823EB1CB5D72F00804F49 /* Resources */,
			);
			buildRules = (
			);
			dependencies = (
				1E0823EF1CB5D72F00804F49 /* PBXTargetDependency */,
			);
			name = "Shopping BagTests";
			productName = "Shopping BagTests";
			productReference = 1E0823ED1CB5D72F00804F49 /* Shopping BagTests.xctest */;
			productType = "com.apple.product-type.bundle.unit-test";
		};
		1E0823F71CB5D73000804F49 /* Shopping BagUITests */ = {
			isa = PBXNativeTarget;
			buildConfigurationList = 1E0824071CB5D73000804F49 /* Build configuration list for PBXNativeTarget "Shopping BagUITests" */;
			buildPhases = (
				1E0823F41CB5D73000804F49 /* Sources */,
				1E0823F51CB5D73000804F49 /* Frameworks */,
				1E0823F61CB5D73000804F49 /* Resources */,
			);
			buildRules = (
			);
			dependencies = (
				1E0823FA1CB5D73000804F49 /* PBXTargetDependency */,
			);
			name = "Shopping BagUITests";
			productName = "Shopping BagUITests";
			productReference = 1E0823F81CB5D73000804F49 /* Shopping BagUITests.xctest */;
			productType = "com.apple.product-type.bundle.ui-testing";
		};
/* End PBXNativeTarget section */

/* Begin PBXProject section */
		1E0823D11CB5D72F00804F49 /* Project object */ = {
			isa = PBXProject;
			attributes = {
				LastSwiftUpdateCheck = 0720;
				LastUpgradeCheck = 0720;
				ORGANIZATIONNAME = "Arunjot Singh";
				TargetAttributes = {
					1E0823D81CB5D72F00804F49 = {
						CreatedOnToolsVersion = 7.2;
						DevelopmentTeam = ZNF5PUBL3L;
					};
					1E0823EC1CB5D72F00804F49 = {
						CreatedOnToolsVersion = 7.2;
						DevelopmentTeam = ZNF5PUBL3L;
						TestTargetID = 1E0823D81CB5D72F00804F49;
					};
					1E0823F71CB5D73000804F49 = {
						CreatedOnToolsVersion = 7.2;
						DevelopmentTeam = ZNF5PUBL3L;
						TestTargetID = 1E0823D81CB5D72F00804F49;
					};
				};
			};
			buildConfigurationList = 1E0823D41CB5D72F00804F49 /* Build configuration list for PBXProject "Shopping Bag" */;
			compatibilityVersion = "Xcode 3.2";
			developmentRegion = English;
			hasScannedForEncodings = 0;
			knownRegions = (
				en,
				Base,
			);
			mainGroup = 1E0823D01CB5D72F00804F49;
			productRefGroup = 1E0823DA1CB5D72F00804F49 /* Products */;
			projectDirPath = "";
			projectRoot = "";
			targets = (
				1E0823D81CB5D72F00804F49 /* Shopping Bag */,
				1E0823EC1CB5D72F00804F49 /* Shopping BagTests */,
				1E0823F71CB5D73000804F49 /* Shopping BagUITests */,
			);
		};
/* End PBXProject section */

/* Begin PBXResourcesBuildPhase section */
		1E0823D71CB5D72F00804F49 /* Resources */ = {
			isa = PBXResourcesBuildPhase;
			buildActionMask = 2147483647;
			files = (
				1E0823E71CB5D72F00804F49 /* LaunchScreen.storyboard in Resources */,
				1E0823E41CB5D72F00804F49 /* Assets.xcassets in Resources */,
				1E0823E21CB5D72F00804F49 /* Main.storyboard in Resources */,
			);
			runOnlyForDeploymentPostprocessing = 0;
		};
		1E0823EB1CB5D72F00804F49 /* Resources */ = {
			isa = PBXResourcesBuildPhase;
			buildActionMask = 2147483647;
			files = (
			);
			runOnlyForDeploymentPostprocessing = 0;
		};
		1E0823F61CB5D73000804F49 /* Resources */ = {
			isa = PBXResourcesBuildPhase;
			buildActionMask = 2147483647;
			files = (
			);
			runOnlyForDeploymentPostprocessing = 0;
		};
/* End PBXResourcesBuildPhase section */

/* Begin PBXSourcesBuildPhase section */
		1E0823D51CB5D72F00804F49 /* Sources */ = {
			isa = PBXSourcesBuildPhase;
			buildActionMask = 2147483647;
			files = (
				1E0823DF1CB5D72F00804F49 /* ViewController.swift in Sources */,
				1ED0510D1CB6FFB000692B31 /* Product.swift in Sources */,
				1E0823DD1CB5D72F00804F49 /* AppDelegate.swift in Sources */,
				1EE8C0C11CC840FC00867C87 /* JSON.swift in Sources */,
				1ED0510B1CB6F76500692B31 /* custom cell.swift in Sources */,
				1EE8C0BF1CC6B7F400867C87 /* ProductDatasource.swift in Sources */,
			);
			runOnlyForDeploymentPostprocessing = 0;
		};
		1E0823E91CB5D72F00804F49 /* Sources */ = {
			isa = PBXSourcesBuildPhase;
			buildActionMask = 2147483647;
			files = (
				1E0823F21CB5D72F00804F49 /* Shopping_BagTests.swift in Sources */,
			);
			runOnlyForDeploymentPostprocessing = 0;
		};
		1E0823F41CB5D73000804F49 /* Sources */ = {
			isa = PBXSourcesBuildPhase;
			buildActionMask = 2147483647;
			files = (
				1E0823FD1CB5D73000804F49 /* Shopping_BagUITests.swift in Sources */,
			);
			runOnlyForDeploymentPostprocessing = 0;
		};
/* End PBXSourcesBuildPhase section */

/* Begin PBXTargetDependency section */
		1E0823EF1CB5D72F00804F49 /* PBXTargetDependency */ = {
			isa = PBXTargetDependency;
			target = 1E0823D81CB5D72F00804F49 /* Shopping Bag */;
			targetProxy = 1E0823EE1CB5D72F00804F49 /* PBXContainerItemProxy */;
		};
		1E0823FA1CB5D73000804F49 /* PBXTargetDependency */ = {
			isa = PBXTargetDependency;
			target = 1E0823D81CB5D72F00804F49 /* Shopping Bag */;
			targetProxy = 1E0823F91CB5D73000804F49 /* PBXContainerItemProxy */;
		};
/* End PBXTargetDependency section */

/* Begin PBXVariantGroup section */
		1E0823E01CB5D72F00804F49 /* Main.storyboard */ = {
			isa = PBXVariantGroup;
			children = (
				1E0823E11CB5D72F00804F49 /* Base */,
			);
			name = Main.storyboard;
			sourceTree = "<group>";
		};
		1E0823E51CB5D72F00804F49 /* LaunchScreen.storyboard */ = {
			isa = PBXVariantGroup;
			children = (
				1E0823E61CB5D72F00804F49 /* Base */,
			);
			name = LaunchScreen.storyboard;
			sourceTree = "<group>";
		};
/* End PBXVariantGroup section */

/* Begin XCBuildConfiguration section */
		1E0823FF1CB5D73000804F49 /* Debug */ = {
			isa = XCBuildConfiguration;
			buildSettings = {
				ALWAYS_SEARCH_USER_PATHS = NO;
				CLANG_CXX_LANGUAGE_STANDARD = "gnu++0x";
				CLANG_CXX_LIBRARY = "libc++";
				CLANG_ENABLE_MODULES = YES;
				CLANG_ENABLE_OBJC_ARC = YES;
				CLANG_WARN_BOOL_CONVERSION = YES;
				CLANG_WARN_CONSTANT_CONVERSION = YES;
				CLANG_WARN_DIRECT_OBJC_ISA_USAGE = YES_ERROR;
				CLANG_WARN_EMPTY_BODY = YES;
				CLANG_WARN_ENUM_CONVERSION = YES;
				CLANG_WARN_INT_CONVERSION = YES;
				CLANG_WARN_OBJC_ROOT_CLASS = YES_ERROR;
				CLANG_WARN_UNREACHABLE_CODE = YES;
				CLANG_WARN__DUPLICATE_METHOD_MATCH = YES;
				"CODE_SIGN_IDENTITY[sdk=iphoneos*]" = "iPhone Developer";
				COPY_PHASE_STRIP = NO;
				DEBUG_INFORMATION_FORMAT = dwarf;
				ENABLE_STRICT_OBJC_MSGSEND = YES;
				ENABLE_TESTABILITY = YES;
				GCC_C_LANGUAGE_STANDARD = gnu99;
				GCC_DYNAMIC_NO_PIC = NO;
				GCC_NO_COMMON_BLOCKS = YES;
				GCC_OPTIMIZATION_LEVEL = 0;
				GCC_PREPROCESSOR_DEFINITIONS = (
					"DEBUG=1",
					"$(inherited)",
				);
				GCC_WARN_64_TO_32_BIT_CONVERSION = YES;
				GCC_WARN_ABOUT_RETURN_TYPE = YES_ERROR;
				GCC_WARN_UNDECLARED_SELECTOR = YES;
				GCC_WARN_UNINITIALIZED_AUTOS = YES_AGGRESSIVE;
				GCC_WARN_UNUSED_FUNCTION = YES;
				GCC_WARN_UNUSED_VARIABLE = YES;
				IPHONEOS_DEPLOYMENT_TARGET = 9.2;
				MTL_ENABLE_DEBUG_INFO = YES;
				ONLY_ACTIVE_ARCH = YES;
				SDKROOT = iphoneos;
				SWIFT_OPTIMIZATION_LEVEL = "-Onone";
			};
			name = Debug;
		};
		1E0824001CB5D73000804F49 /* Release */ = {
			isa = XCBuildConfiguration;
			buildSettings = {
				ALWAYS_SEARCH_USER_PATHS = NO;
				CLANG_CXX_LANGUAGE_STANDARD = "gnu++0x";
				CLANG_CXX_LIBRARY = "libc++";
				CLANG_ENABLE_MODULES = YES;
				CLANG_ENABLE_OBJC_ARC = YES;
				CLANG_WARN_BOOL_CONVERSION = YES;
				CLANG_WARN_CONSTANT_CONVERSION = YES;
				CLANG_WARN_DIRECT_OBJC_ISA_USAGE = YES_ERROR;
				CLANG_WARN_EMPTY_BODY = YES;
				CLANG_WARN_ENUM_CONVERSION = YES;
				CLANG_WARN_INT_CONVERSION = YES;
				CLANG_WARN_OBJC_ROOT_CLASS = YES_ERROR;
				CLANG_WARN_UNREACHABLE_CODE = YES;
				CLANG_WARN__DUPLICATE_METHOD_MATCH = YES;
				"CODE_SIGN_IDENTITY[sdk=iphoneos*]" = "iPhone Developer";
				COPY_PHASE_STRIP = NO;
				DEBUG_INFORMATION_FORMAT = "dwarf-with-dsym";
				ENABLE_NS_ASSERTIONS = NO;
				ENABLE_STRICT_OBJC_MSGSEND = YES;
				GCC_C_LANGUAGE_STANDARD = gnu99;
				GCC_NO_COMMON_BLOCKS = YES;
				GCC_WARN_64_TO_32_BIT_CONVERSION = YES;
				GCC_WARN_ABOUT_RETURN_TYPE = YES_ERROR;
				GCC_WARN_UNDECLARED_SELECTOR = YES;
				GCC_WARN_UNINITIALIZED_AUTOS = YES_AGGRESSIVE;
				GCC_WARN_UNUSED_FUNCTION = YES;
				GCC_WARN_UNUSED_VARIABLE = YES;
				IPHONEOS_DEPLOYMENT_TARGET = 9.2;
				MTL_ENABLE_DEBUG_INFO = NO;
				SDKROOT = iphoneos;
				VALIDATE_PRODUCT = YES;
			};
			name = Release;
		};
		1E0824021CB5D73000804F49 /* Debug */ = {
			isa = XCBuildConfiguration;
			buildSettings = {
				ASSETCATALOG_COMPILER_APPICON_NAME = AppIcon;
				EMBEDDED_CONTENT_CONTAINS_SWIFT = YES;
				INFOPLIST_FILE = "Shopping Bag/Info.plist";
				LD_RUNPATH_SEARCH_PATHS = "$(inherited) @executable_path/Frameworks";
				PRODUCT_BUNDLE_IDENTIFIER = "com.arunjot.Shopping-Bag";
				PRODUCT_NAME = "$(TARGET_NAME)";
			};
			name = Debug;
		};
		1E0824031CB5D73000804F49 /* Release */ = {
			isa = XCBuildConfiguration;
			buildSettings = {
				ASSETCATALOG_COMPILER_APPICON_NAME = AppIcon;
				EMBEDDED_CONTENT_CONTAINS_SWIFT = YES;
				INFOPLIST_FILE = "Shopping Bag/Info.plist";
				LD_RUNPATH_SEARCH_PATHS = "$(inherited) @executable_path/Frameworks";
				PRODUCT_BUNDLE_IDENTIFIER = "com.arunjot.Shopping-Bag";
				PRODUCT_NAME = "$(TARGET_NAME)";
			};
			name = Release;
		};
		1E0824051CB5D73000804F49 /* Debug */ = {
			isa = XCBuildConfiguration;
			buildSettings = {
				BUNDLE_LOADER = "$(TEST_HOST)";
				INFOPLIST_FILE = "Shopping BagTests/Info.plist";
				LD_RUNPATH_SEARCH_PATHS = "$(inherited) @executable_path/Frameworks @loader_path/Frameworks";
				PRODUCT_BUNDLE_IDENTIFIER = "com.arunjot.Shopping-BagTests";
				PRODUCT_NAME = "$(TARGET_NAME)";
				TEST_HOST = "$(BUILT_PRODUCTS_DIR)/Shopping Bag.app/Shopping Bag";
			};
			name = Debug;
		};
		1E0824061CB5D73000804F49 /* Release */ = {
			isa = XCBuildConfiguration;
			buildSettings = {
				BUNDLE_LOADER = "$(TEST_HOST)";
				INFOPLIST_FILE = "Shopping BagTests/Info.plist";
				LD_RUNPATH_SEARCH_PATHS = "$(inherited) @executable_path/Frameworks @loader_path/Frameworks";
				PRODUCT_BUNDLE_IDENTIFIER = "com.arunjot.Shopping-BagTests";
				PRODUCT_NAME = "$(TARGET_NAME)";
				TEST_HOST = "$(BUILT_PRODUCTS_DIR)/Shopping Bag.app/Shopping Bag";
			};
			name = Release;
		};
		1E0824081CB5D73000804F49 /* Debug */ = {
			isa = XCBuildConfiguration;
			buildSettings = {
				INFOPLIST_FILE = "Shopping BagUITests/Info.plist";
				LD_RUNPATH_SEARCH_PATHS = "$(inherited) @executable_path/Frameworks @loader_path/Frameworks";
				PRODUCT_BUNDLE_IDENTIFIER = "com.arunjot.Shopping-BagUITests";
				PRODUCT_NAME = "$(TARGET_NAME)";
				TEST_TARGET_NAME = "Shopping Bag";
				USES_XCTRUNNER = YES;
			};
			name = Debug;
		};
		1E0824091CB5D73000804F49 /* Release */ = {
			isa = XCBuildConfiguration;
			buildSettings = {
				INFOPLIST_FILE = "Shopping BagUITests/Info.plist";
				LD_RUNPATH_SEARCH_PATHS = "$(inherited) @executable_path/Frameworks @loader_path/Frameworks";
				PRODUCT_BUNDLE_IDENTIFIER = "com.arunjot.Shopping-BagUITests";
				PRODUCT_NAME = "$(TARGET_NAME)";
				TEST_TARGET_NAME = "Shopping Bag";
				USES_XCTRUNNER = YES;
			};
			name = Release;
		};
/* End XCBuildConfiguration section */

/* Begin XCConfigurationList section */
		1E0823D41CB5D72F00804F49 /* Build configuration list for PBXProject "Shopping Bag" */ = {
			isa = XCConfigurationList;
			buildConfigurations = (
				1E0823FF1CB5D73000804F49 /* Debug */,
				1E0824001CB5D73000804F49 /* Release */,
			);
			defaultConfigurationIsVisible = 0;
			defaultConfigurationName = Release;
		};
		1E0824011CB5D73000804F49 /* Build configuration list for PBXNativeTarget "Shopping Bag" */ = {
			isa = XCConfigurationList;
			buildConfigurations = (
				1E0824021CB5D73000804F49 /* Debug */,
				1E0824031CB5D73000804F49 /* Release */,
			);
			defaultConfigurationIsVisible = 0;
			defaultConfigurationName = Release;
		};
		1E0824041CB5D73000804F49 /* Build configuration list for PBXNativeTarget "Shopping BagTests" */ = {
			isa = XCConfigurationList;
			buildConfigurations = (
				1E0824051CB5D73000804F49 /* Debug */,
				1E0824061CB5D73000804F49 /* Release */,
			);
			defaultConfigurationIsVisible = 0;
			defaultConfigurationName = Release;
		};
		1E0824071CB5D73000804F49 /* Build configuration list for PBXNativeTarget "Shopping BagUITests" */ = {
			isa = XCConfigurationList;
			buildConfigurations = (
				1E0824081CB5D73000804F49 /* Debug */,
				1E0824091CB5D73000804F49 /* Release */,
			);
			defaultConfigurationIsVisible = 0;
			defaultConfigurationName = Release;
		};
/* End XCConfigurationList section */
	};
	rootObject = 1E0823D11CB5D72F00804F49 /* Project object */;
}
